<Solution>
  <Project Path="BasicObjectOrientedProgramming/BasicObjectOrientedProgramming.csproj" />
  <Project Path="DiceRollGame/DiceRollGame.csproj" />
  <Project Path="NamesSingleResponsibilityPrinciple/NamesSingleResponsibilityPrinciple.csproj" />
  <Project Path="UltimateCourse/UltimateCourse.csproj" />
</Solution>
